
Microsoft Visual Studio Solution File, Format Version 12.00
# Visual Studio 14
VisualStudioVersion = 14.0.25420.1
MinimumVisualStudioVersion = 10.0.40219.1
Project("{8BC9CEB8-8B4A-11D0-8D11-00A0C91BC942}") = "Win32Cone", "Win32Cone\Win32Cone.vcxproj", "{A30EDDA5-007A-43F9-A377-5467270823D1}"
EndProject
Project("{8BC9CEB8-8B4A-11D0-8D11-00A0C91BC942}") = "SmartVolumeMapper", "SmartVolumeMapper\SmartVolumeMapper.vcxproj", "{7C685B46-2EE1-4A90-939D-2D5C2DC39607}"
EndProject
Project("{8BC9CEB8-8B4A-11D0-8D11-00A0C91BC942}") = "MarchingCubes", "MarchingCubes\MarchingCubes.vcxproj", "{D91860E0-E745-464E-A61F-947595E9D454}"
EndProject
Project("{8BC9CEB8-8B4A-11D0-8D11-00A0C91BC942}") = "sphericalness_regions_using_implicit_function", "sphericalness_regions_using_implicit_function\sphericalness_regions_using_implicit_function.vcxproj", "{CFAF8F9A-B62C-476F-A0ED-B771EE9AC9F8}"
EndProject
Project("{8BC9CEB8-8B4A-11D0-8D11-00A0C91BC942}") = "extrude_sphere", "extrude_sphere\extrude_sphere.vcxproj", "{6CF20633-CD34-42F0-A12F-43BD93A29629}"
EndProject
Project("{8BC9CEB8-8B4A-11D0-8D11-00A0C91BC942}") = "implicit_dataset", "implicit_dataset\implicit_dataset.vcxproj", "{E3DCFE6D-0671-44AF-992B-F97ED0F4B051}"
EndProject
Project("{8BC9CEB8-8B4A-11D0-8D11-00A0C91BC942}") = "EstimateAxis", "EstimateAxis\EstimateAxis.vcxproj", "{C1CAB559-BEDA-4FA4-9138-4D175F0DE234}"
EndProject
Global
	GlobalSection(SolutionConfigurationPlatforms) = preSolution
		Debug|x64 = Debug|x64
		Debug|x86 = Debug|x86
		Release|x64 = Release|x64
		Release|x86 = Release|x86
	EndGlobalSection
	GlobalSection(ProjectConfigurationPlatforms) = postSolution
		{A30EDDA5-007A-43F9-A377-5467270823D1}.Debug|x64.ActiveCfg = Debug|x64
		{A30EDDA5-007A-43F9-A377-5467270823D1}.Debug|x64.Build.0 = Debug|x64
		{A30EDDA5-007A-43F9-A377-5467270823D1}.Debug|x86.ActiveCfg = Debug|Win32
		{A30EDDA5-007A-43F9-A377-5467270823D1}.Debug|x86.Build.0 = Debug|Win32
		{A30EDDA5-007A-43F9-A377-5467270823D1}.Release|x64.ActiveCfg = Release|x64
		{A30EDDA5-007A-43F9-A377-5467270823D1}.Release|x64.Build.0 = Release|x64
		{A30EDDA5-007A-43F9-A377-5467270823D1}.Release|x86.ActiveCfg = Release|Win32
		{A30EDDA5-007A-43F9-A377-5467270823D1}.Release|x86.Build.0 = Release|Win32
		{7C685B46-2EE1-4A90-939D-2D5C2DC39607}.Debug|x64.ActiveCfg = Debug|x64
		{7C685B46-2EE1-4A90-939D-2D5C2DC39607}.Debug|x64.Build.0 = Debug|x64
		{7C685B46-2EE1-4A90-939D-2D5C2DC39607}.Debug|x86.ActiveCfg = Debug|Win32
		{7C685B46-2EE1-4A90-939D-2D5C2DC39607}.Debug|x86.Build.0 = Debug|Win32
		{7C685B46-2EE1-4A90-939D-2D5C2DC39607}.Release|x64.ActiveCfg = Release|x64
		{7C685B46-2EE1-4A90-939D-2D5C2DC39607}.Release|x64.Build.0 = Release|x64
		{7C685B46-2EE1-4A90-939D-2D5C2DC39607}.Release|x86.ActiveCfg = Release|Win32
		{7C685B46-2EE1-4A90-939D-2D5C2DC39607}.Release|x86.Build.0 = Release|Win32
		{D91860E0-E745-464E-A61F-947595E9D454}.Debug|x64.ActiveCfg = Debug|x64
		{D91860E0-E745-464E-A61F-947595E9D454}.Debug|x64.Build.0 = Debug|x64
		{D91860E0-E745-464E-A61F-947595E9D454}.Debug|x86.ActiveCfg = Debug|Win32
		{D91860E0-E745-464E-A61F-947595E9D454}.Debug|x86.Build.0 = Debug|Win32
		{D91860E0-E745-464E-A61F-947595E9D454}.Release|x64.ActiveCfg = Release|x64
		{D91860E0-E745-464E-A61F-947595E9D454}.Release|x64.Build.0 = Release|x64
		{D91860E0-E745-464E-A61F-947595E9D454}.Release|x86.ActiveCfg = Release|Win32
		{D91860E0-E745-464E-A61F-947595E9D454}.Release|x86.Build.0 = Release|Win32
		{CFAF8F9A-B62C-476F-A0ED-B771EE9AC9F8}.Debug|x64.ActiveCfg = Debug|x64
		{CFAF8F9A-B62C-476F-A0ED-B771EE9AC9F8}.Debug|x64.Build.0 = Debug|x64
		{CFAF8F9A-B62C-476F-A0ED-B771EE9AC9F8}.Debug|x86.ActiveCfg = Debug|Win32
		{CFAF8F9A-B62C-476F-A0ED-B771EE9AC9F8}.Debug|x86.Build.0 = Debug|Win32
		{CFAF8F9A-B62C-476F-A0ED-B771EE9AC9F8}.Release|x64.ActiveCfg = Release|x64
		{CFAF8F9A-B62C-476F-A0ED-B771EE9AC9F8}.Release|x64.Build.0 = Release|x64
		{CFAF8F9A-B62C-476F-A0ED-B771EE9AC9F8}.Release|x86.ActiveCfg = Release|Win32
		{CFAF8F9A-B62C-476F-A0ED-B771EE9AC9F8}.Release|x86.Build.0 = Release|Win32
		{6CF20633-CD34-42F0-A12F-43BD93A29629}.Debug|x64.ActiveCfg = Debug|x64
		{6CF20633-CD34-42F0-A12F-43BD93A29629}.Debug|x64.Build.0 = Debug|x64
		{6CF20633-CD34-42F0-A12F-43BD93A29629}.Debug|x86.ActiveCfg = Debug|Win32
		{6CF20633-CD34-42F0-A12F-43BD93A29629}.Debug|x86.Build.0 = Debug|Win32
		{6CF20633-CD34-42F0-A12F-43BD93A29629}.Release|x64.ActiveCfg = Release|x64
		{6CF20633-CD34-42F0-A12F-43BD93A29629}.Release|x64.Build.0 = Release|x64
		{6CF20633-CD34-42F0-A12F-43BD93A29629}.Release|x86.ActiveCfg = Release|Win32
		{6CF20633-CD34-42F0-A12F-43BD93A29629}.Release|x86.Build.0 = Release|Win32
		{E3DCFE6D-0671-44AF-992B-F97ED0F4B051}.Debug|x64.ActiveCfg = Debug|x64
		{E3DCFE6D-0671-44AF-992B-F97ED0F4B051}.Debug|x64.Build.0 = Debug|x64
		{E3DCFE6D-0671-44AF-992B-F97ED0F4B051}.Debug|x86.ActiveCfg = Debug|Win32
		{E3DCFE6D-0671-44AF-992B-F97ED0F4B051}.Debug|x86.Build.0 = Debug|Win32
		{E3DCFE6D-0671-44AF-992B-F97ED0F4B051}.Release|x64.ActiveCfg = Release|x64
		{E3DCFE6D-0671-44AF-992B-F97ED0F4B051}.Release|x64.Build.0 = Release|x64
		{E3DCFE6D-0671-44AF-992B-F97ED0F4B051}.Release|x86.ActiveCfg = Release|Win32
		{E3DCFE6D-0671-44AF-992B-F97ED0F4B051}.Release|x86.Build.0 = Release|Win32
		{C1CAB559-BEDA-4FA4-9138-4D175F0DE234}.Debug|x64.ActiveCfg = Debug|x64
		{C1CAB559-BEDA-4FA4-9138-4D175F0DE234}.Debug|x64.Build.0 = Debug|x64
		{C1CAB559-BEDA-4FA4-9138-4D175F0DE234}.Debug|x86.ActiveCfg = Debug|Win32
		{C1CAB559-BEDA-4FA4-9138-4D175F0DE234}.Debug|x86.Build.0 = Debug|Win32
		{C1CAB559-BEDA-4FA4-9138-4D175F0DE234}.Release|x64.ActiveCfg = Release|x64
		{C1CAB559-BEDA-4FA4-9138-4D175F0DE234}.Release|x64.Build.0 = Release|x64
		{C1CAB559-BEDA-4FA4-9138-4D175F0DE234}.Release|x86.ActiveCfg = Release|Win32
		{C1CAB559-BEDA-4FA4-9138-4D175F0DE234}.Release|x86.Build.0 = Release|Win32
	EndGlobalSection
	GlobalSection(SolutionProperties) = preSolution
		HideSolutionNode = FALSE
	EndGlobalSection
EndGlobal
